
Microsoft Visual Studio Solution File, Format Version 12.00
# Visual Studio Version 16
VisualStudioVersion = 16.0.33027.164
MinimumVisualStudioVersion = 10.0.40219.1
Project("{FAE04EC0-301F-11D3-BF4B-00C04F79EFBC}") = "MarkovForms", "MarkovForms.csproj", "{F8BD2908-9872-497C-91F7-3B984A4DA375}"
EndProject
Global
	GlobalSection(SolutionConfigurationPlatforms) = preSolution
		Debug|Any CPU = Debug|Any CPU
		Release|Any CPU = Release|Any CPU
	EndGlobalSection
	GlobalSection(ProjectConfigurationPlatforms) = postSolution
		{F8BD2908-9872-497C-91F7-3B984A4DA375}.Debug|Any CPU.ActiveCfg = Debug|Any CPU
		{F8BD2908-9872-497C-91F7-3B984A4DA375}.Debug|Any CPU.Build.0 = Debug|Any CPU
		{F8BD2908-9872-497C-91F7-3B984A4DA375}.Release|Any CPU.ActiveCfg = Release|Any CPU
		{F8BD2908-9872-497C-91F7-3B984A4DA375}.Release|Any CPU.Build.0 = Release|Any CPU
	EndGlobalSection
	GlobalSection(SolutionProperties) = preSolution
		HideSolutionNode = FALSE
	EndGlobalSection
	GlobalSection(ExtensibilityGlobals) = postSolution
		SolutionGuid = {52D55764-E807-408B-B0AB-BFE84A82981E}
	EndGlobalSection
EndGlobal
